// !$*UTF8*$!
{
	archiveVersion = 1;
	classes = {
	};
	objectVersion = 46;
	objects = {

/* Begin PBXBuildFile section */
		306FC6691CC26AD9004DC9D4 /* main.m in Sources */ = {isa = PBXBuildFile; fileRef = 306FC6681CC26AD9004DC9D4 /* main.m */; };
		306FC66C1CC26AD9004DC9D4 /* AppDelegate.m in Sources */ = {isa = PBXBuildFile; fileRef = 306FC66B1CC26AD9004DC9D4 /* AppDelegate.m */; };
		306FC66F1CC26AD9004DC9D4 /* ViewController.m in Sources */ = {isa = PBXBuildFile; fileRef = 306FC66E1CC26AD9004DC9D4 /* ViewController.m */; };
		306FC6721CC26AD9004DC9D4 /* Main.storyboard in Resources */ = {isa = PBXBuildFile; fileRef = 306FC6701CC26AD9004DC9D4 /* Main.storyboard */; };
		306FC6741CC26AD9004DC9D4 /* Assets.xcassets in Resources */ = {isa = PBXBuildFile; fileRef = 306FC6731CC26AD9004DC9D4 /* Assets.xcassets */; };
		306FC6771CC26AD9004DC9D4 /* LaunchScreen.storyboard in Resources */ = {isa = PBXBuildFile; fileRef = 306FC6751CC26AD9004DC9D4 /* LaunchScreen.storyboard */; };
		306FC6821CC26AD9004DC9D4 /* InvitaionCodeTests.m in Sources */ = {isa = PBXBuildFile; fileRef = 306FC6811CC26AD9004DC9D4 /* InvitaionCodeTests.m */; };
		306FC68D1CC26AD9004DC9D4 /* InvitaionCodeUITests.m in Sources */ = {isa = PBXBuildFile; fileRef = 306FC68C1CC26AD9004DC9D4 /* InvitaionCodeUITests.m */; };
/* End PBXBuildFile section */

/* Begin PBXContainerItemProxy section */
		306FC67E1CC26AD9004DC9D4 /* PBXContainerItemProxy */ = {
			isa = PBXContainerItemProxy;
			containerPortal = 306FC65C1CC26AD9004DC9D4 /* Project object */;
			proxyType = 1;
			remoteGlobalIDString = 306FC6631CC26AD9004DC9D4;
			remoteInfo = InvitaionCode;
		};
		306FC6891CC26AD9004DC9D4 /* PBXContainerItemProxy */ = {
			isa = PBXContainerItemProxy;
			containerPortal = 306FC65C1CC26AD9004DC9D4 /* Project object */;
			proxyType = 1;
			remoteGlobalIDString = 306FC6631CC26AD9004DC9D4;
			remoteInfo = InvitaionCode;
		};
/* End PBXContainerItemProxy section */

/* Begin PBXFileReference section */
		306FC6641CC26AD9004DC9D4 /* InvitaionCode.app */ = {isa = PBXFileReference; explicitFileType = wrapper.application; includeInIndex = 0; path = InvitaionCode.app; sourceTree = BUILT_PRODUCTS_DIR; };
		306FC6681CC26AD9004DC9D4 /* main.m */ = {isa = PBXFileReference; lastKnownFileType = sourcecode.c.objc; path = main.m; sourceTree = "<group>"; };
		306FC66A1CC26AD9004DC9D4 /* AppDelegate.h */ = {isa = PBXFileReference; lastKnownFileType = sourcecode.c.h; path = AppDelegate.h; sourceTree = "<group>"; };
		306FC66B1CC26AD9004DC9D4 /* AppDelegate.m */ = {isa = PBXFileReference; lastKnownFileType = sourcecode.c.objc; path = AppDelegate.m; sourceTree = "<group>"; };
		306FC66D1CC26AD9004DC9D4 /* ViewController.h */ = {isa = PBXFileReference; lastKnownFileType = sourcecode.c.h; path = ViewController.h; sourceTree = "<group>"; };
		306FC66E1CC26AD9004DC9D4 /* ViewController.m */ = {isa = PBXFileReference; lastKnownFileType = sourcecode.c.objc; path = ViewController.m; sourceTree = "<group>"; };
		306FC6711CC26AD9004DC9D4 /* Base */ = {isa = PBXFileReference; lastKnownFileType = file.storyboard; name = Base; path = Base.lproj/Main.storyboard; sourceTree = "<group>"; };
		306FC6731CC26AD9004DC9D4 /* Assets.xcassets */ = {isa = PBXFileReference; lastKnownFileType = folder.assetcatalog; path = Assets.xcassets; sourceTree = "<group>"; };
		306FC6761CC26AD9004DC9D4 /* Base */ = {isa = PBXFileReference; lastKnownFileType = file.storyboard; name = Base; path = Base.lproj/LaunchScreen.storyboard; sourceTree = "<group>"; };
		306FC6781CC26AD9004DC9D4 /* Info.plist */ = {isa = PBXFileReference; lastKnownFileType = text.plist.xml; path = Info.plist; sourceTree = "<group>"; };
		306FC67D1CC26AD9004DC9D4 /* InvitaionCodeTests.xctest */ = {isa = PBXFileReference; explicitFileType = wrapper.cfbundle; includeInIndex = 0; path = InvitaionCodeTests.xctest; sourceTree = BUILT_PRODUCTS_DIR; };
		306FC6811CC26AD9004DC9D4 /* InvitaionCodeTests.m */ = {isa = PBXFileReference; lastKnownFileType = sourcecode.c.objc; path = InvitaionCodeTests.m; sourceTree = "<group>"; };
		306FC6831CC26AD9004DC9D4 /* Info.plist */ = {isa = PBXFileReference; lastKnownFileType = text.plist.xml; path = Info.plist; sourceTree = "<group>"; };
		306FC6881CC26AD9004DC9D4 /* InvitaionCodeUITests.xctest */ = {isa = PBXFileReference; explicitFileType = wrapper.cfbundle; includeInIndex = 0; path = InvitaionCodeUITests.xctest; sourceTree = BUILT_PRODUCTS_DIR; };
		306FC68C1CC26AD9004DC9D4 /* InvitaionCodeUITests.m */ = {isa = PBXFileReference; lastKnownFileType = sourcecode.c.objc; path = InvitaionCodeUITests.m; sourceTree = "<group>"; };
		306FC68E1CC26AD9004DC9D4 /* Info.plist */ = {isa = PBXFileReference; lastKnownFileType = text.plist.xml; path = Info.plist; sourceTree = "<group>"; };
/* End PBXFileReference section */

/* Begin PBXFrameworksBuildPhase section */
		306FC6611CC26AD9004DC9D4 /* Frameworks */ = {
			isa = PBXFrameworksBuildPhase;
			buildActionMask = 2147483647;
			files = (
			);
			runOnlyForDeploymentPostprocessing = 0;
		};
		306FC67A1CC26AD9004DC9D4 /* Frameworks */ = {
			isa = PBXFrameworksBuildPhase;
			buildActionMask = 2147483647;
			files = (
			);
			runOnlyForDeploymentPostprocessing = 0;
		};
		306FC6851CC26AD9004DC9D4 /* Frameworks */ = {
			isa = PBXFrameworksBuildPhase;
			buildActionMask = 2147483647;
			files = (
			);
			runOnlyForDeploymentPostprocessing = 0;
		};
/* End PBXFrameworksBuildPhase section */

/* Begin PBXGroup section */
		306FC65B1CC26AD9004DC9D4 = {
			isa = PBXGroup;
			children = (
				306FC6661CC26AD9004DC9D4 /* InvitaionCode */,
				306FC6801CC26AD9004DC9D4 /* InvitaionCodeTests */,
				306FC68B1CC26AD9004DC9D4 /* InvitaionCodeUITests */,
				306FC6651CC26AD9004DC9D4 /* Products */,
			);
			sourceTree = "<group>";
		};
		306FC6651CC26AD9004DC9D4 /* Products */ = {
			isa = PBXGroup;
			children = (
				306FC6641CC26AD9004DC9D4 /* InvitaionCode.app */,
				306FC67D1CC26AD9004DC9D4 /* InvitaionCodeTests.xctest */,
				306FC6881CC26AD9004DC9D4 /* InvitaionCodeUITests.xctest */,
			);
			name = Products;
			sourceTree = "<group>";
		};
		306FC6661CC26AD9004DC9D4 /* InvitaionCode */ = {
			isa = PBXGroup;
			children = (
				306FC66A1CC26AD9004DC9D4 /* AppDelegate.h */,
				306FC66B1CC26AD9004DC9D4 /* AppDelegate.m */,
				306FC66D1CC26AD9004DC9D4 /* ViewController.h */,
				306FC66E1CC26AD9004DC9D4 /* ViewController.m */,
				306FC6701CC26AD9004DC9D4 /* Main.storyboard */,
				306FC6731CC26AD9004DC9D4 /* Assets.xcassets */,
				306FC6751CC26AD9004DC9D4 /* LaunchScreen.storyboard */,
				306FC6781CC26AD9004DC9D4 /* Info.plist */,
				306FC6671CC26AD9004DC9D4 /* Supporting Files */,
			);
			path = InvitaionCode;
			sourceTree = "<group>";
		};
		306FC6671CC26AD9004DC9D4 /* Supporting Files */ = {
			isa = PBXGroup;
			children = (
				306FC6681CC26AD9004DC9D4 /* main.m */,
			);
			name = "Supporting Files";
			sourceTree = "<group>";
		};
		306FC6801CC26AD9004DC9D4 /* InvitaionCodeTests */ = {
			isa = PBXGroup;
			children = (
				306FC6811CC26AD9004DC9D4 /* InvitaionCodeTests.m */,
				306FC6831CC26AD9004DC9D4 /* Info.plist */,
			);
			path = InvitaionCodeTests;
			sourceTree = "<group>";
		};
		306FC68B1CC26AD9004DC9D4 /* InvitaionCodeUITests */ = {
			isa = PBXGroup;
			children = (
				306FC68C1CC26AD9004DC9D4 /* InvitaionCodeUITests.m */,
				306FC68E1CC26AD9004DC9D4 /* Info.plist */,
			);
			path = InvitaionCodeUITests;
			sourceTree = "<group>";
		};
/* End PBXGroup section */

/* Begin PBXNativeTarget section */
		306FC6631CC26AD9004DC9D4 /* InvitaionCode */ = {
			isa = PBXNativeTarget;
			buildConfigurationList = 306FC6911CC26AD9004DC9D4 /* Build configuration list for PBXNativeTarget "InvitaionCode" */;
			buildPhases = (
				306FC6601CC26AD9004DC9D4 /* Sources */,
				306FC6611CC26AD9004DC9D4 /* Frameworks */,
				306FC6621CC26AD9004DC9D4 /* Resources */,
			);
			buildRules = (
			);
			dependencies = (
			);
			name = InvitaionCode;
			productName = InvitaionCode;
			productReference = 306FC6641CC26AD9004DC9D4 /* InvitaionCode.app */;
			productType = "com.apple.product-type.application";
		};
		306FC67C1CC26AD9004DC9D4 /* InvitaionCodeTests */ = {
			isa = PBXNativeTarget;
			buildConfigurationList = 306FC6941CC26AD9004DC9D4 /* Build configuration list for PBXNativeTarget "InvitaionCodeTests" */;
			buildPhases = (
				306FC6791CC26AD9004DC9D4 /* Sources */,
				306FC67A1CC26AD9004DC9D4 /* Frameworks */,
				306FC67B1CC26AD9004DC9D4 /* Resources */,
			);
			buildRules = (
			);
			dependencies = (
				306FC67F1CC26AD9004DC9D4 /* PBXTargetDependency */,
			);
			name = InvitaionCodeTests;
			productName = InvitaionCodeTests;
			productReference = 306FC67D1CC26AD9004DC9D4 /* InvitaionCodeTests.xctest */;
			productType = "com.apple.product-type.bundle.unit-test";
		};
		306FC6871CC26AD9004DC9D4 /* InvitaionCodeUITests */ = {
			isa = PBXNativeTarget;
			buildConfigurationList = 306FC6971CC26AD9004DC9D4 /* Build configuration list for PBXNativeTarget "InvitaionCodeUITests" */;
			buildPhases = (
				306FC6841CC26AD9004DC9D4 /* Sources */,
				306FC6851CC26AD9004DC9D4 /* Frameworks */,
				306FC6861CC26AD9004DC9D4 /* Resources */,
			);
			buildRules = (
			);
			dependencies = (
				306FC68A1CC26AD9004DC9D4 /* PBXTargetDependency */,
			);
			name = InvitaionCodeUITests;
			productName = InvitaionCodeUITests;
			productReference = 306FC6881CC26AD9004DC9D4 /* InvitaionCodeUITests.xctest */;
			productType = "com.apple.product-type.bundle.ui-testing";
		};
/* End PBXNativeTarget section */

/* Begin PBXProject section */
		306FC65C1CC26AD9004DC9D4 /* Project object */ = {
			isa = PBXProject;
			attributes = {
				LastUpgradeCheck = 0730;
				ORGANIZATIONNAME = Levi;
				TargetAttributes = {
					306FC6631CC26AD9004DC9D4 = {
						CreatedOnToolsVersion = 7.3;
					};
					306FC67C1CC26AD9004DC9D4 = {
						CreatedOnToolsVersion = 7.3;
						TestTargetID = 306FC6631CC26AD9004DC9D4;
					};
					306FC6871CC26AD9004DC9D4 = {
						CreatedOnToolsVersion = 7.3;
						TestTargetID = 306FC6631CC26AD9004DC9D4;
					};
				};
			};
			buildConfigurationList = 306FC65F1CC26AD9004DC9D4 /* Build configuration list for PBXProject "InvitaionCode" */;
			compatibilityVersion = "Xcode 3.2";
			developmentRegion = English;
			hasScannedForEncodings = 0;
			knownRegions = (
				en,
				Base,
			);
			mainGroup = 306FC65B1CC26AD9004DC9D4;
			productRefGroup = 306FC6651CC26AD9004DC9D4 /* Products */;
			projectDirPath = "";
			projectRoot = "";
			targets = (
				306FC6631CC26AD9004DC9D4 /* InvitaionCode */,
				306FC67C1CC26AD9004DC9D4 /* InvitaionCodeTests */,
				306FC6871CC26AD9004DC9D4 /* InvitaionCodeUITests */,
			);
		};
/* End PBXProject section */

/* Begin PBXResourcesBuildPhase section */
		306FC6621CC26AD9004DC9D4 /* Resources */ = {
			isa = PBXResourcesBuildPhase;
			buildActionMask = 2147483647;
			files = (
				306FC6771CC26AD9004DC9D4 /* LaunchScreen.storyboard in Resources */,
				306FC6741CC26AD9004DC9D4 /* Assets.xcassets in Resources */,
				306FC6721CC26AD9004DC9D4 /* Main.storyboard in Resources */,
			);
			runOnlyForDeploymentPostprocessing = 0;
		};
		306FC67B1CC26AD9004DC9D4 /* Resources */ = {
			isa = PBXResourcesBuildPhase;
			buildActionMask = 2147483647;
			files = (
			);
			runOnlyForDeploymentPostprocessing = 0;
		};
		306FC6861CC26AD9004DC9D4 /* Resources */ = {
			isa = PBXResourcesBuildPhase;
			buildActionMask = 2147483647;
			files = (
			);
			runOnlyForDeploymentPostprocessing = 0;
		};
/* End PBXResourcesBuildPhase section */

/* Begin PBXSourcesBuildPhase section */
		306FC6601CC26AD9004DC9D4 /* Sources */ = {
			isa = PBXSourcesBuildPhase;
			buildActionMask = 2147483647;
			files = (
				306FC66F1CC26AD9004DC9D4 /* ViewController.m in Sources */,
				306FC66C1CC26AD9004DC9D4 /* AppDelegate.m in Sources */,
				306FC6691CC26AD9004DC9D4 /* main.m in Sources */,
			);
			runOnlyForDeploymentPostprocessing = 0;
		};
		306FC6791CC26AD9004DC9D4 /* Sources */ = {
			isa = PBXSourcesBuildPhase;
			buildActionMask = 2147483647;
			files = (
				306FC6821CC26AD9004DC9D4 /* InvitaionCodeTests.m in Sources */,
			);
			runOnlyForDeploymentPostprocessing = 0;
		};
		306FC6841CC26AD9004DC9D4 /* Sources */ = {
			isa = PBXSourcesBuildPhase;
			buildActionMask = 2147483647;
			files = (
				306FC68D1CC26AD9004DC9D4 /* InvitaionCodeUITests.m in Sources */,
			);
			runOnlyForDeploymentPostprocessing = 0;
		};
/* End PBXSourcesBuildPhase section */

/* Begin PBXTargetDependency section */
		306FC67F1CC26AD9004DC9D4 /* PBXTargetDependency */ = {
			isa = PBXTargetDependency;
			target = 306FC6631CC26AD9004DC9D4 /* InvitaionCode */;
			targetProxy = 306FC67E1CC26AD9004DC9D4 /* PBXContainerItemProxy */;
		};
		306FC68A1CC26AD9004DC9D4 /* PBXTargetDependency */ = {
			isa = PBXTargetDependency;
			target = 306FC6631CC26AD9004DC9D4 /* InvitaionCode */;
			targetProxy = 306FC6891CC26AD9004DC9D4 /* PBXContainerItemProxy */;
		};
/* End PBXTargetDependency section */

/* Begin PBXVariantGroup section */
		306FC6701CC26AD9004DC9D4 /* Main.storyboard */ = {
			isa = PBXVariantGroup;
			children = (
				306FC6711CC26AD9004DC9D4 /* Base */,
			);
			name = Main.storyboard;
			sourceTree = "<group>";
		};
		306FC6751CC26AD9004DC9D4 /* LaunchScreen.storyboard */ = {
			isa = PBXVariantGroup;
			children = (
				306FC6761CC26AD9004DC9D4 /* Base */,
			);
			name = LaunchScreen.storyboard;
			sourceTree = "<group>";
		};
/* End PBXVariantGroup section */

/* Begin XCBuildConfiguration section */
		306FC68F1CC26AD9004DC9D4 /* Debug */ = {
			isa = XCBuildConfiguration;
			buildSettings = {
				ALWAYS_SEARCH_USER_PATHS = NO;
				CLANG_ANALYZER_NONNULL = YES;
				CLANG_CXX_LANGUAGE_STANDARD = "gnu++0x";
				CLANG_CXX_LIBRARY = "libc++";
				CLANG_ENABLE_MODULES = YES;
				CLANG_ENABLE_OBJC_ARC = YES;
				CLANG_WARN_BOOL_CONVERSION = YES;
				CLANG_WARN_CONSTANT_CONVERSION = YES;
				CLANG_WARN_DIRECT_OBJC_ISA_USAGE = YES_ERROR;
				CLANG_WARN_EMPTY_BODY = YES;
				CLANG_WARN_ENUM_CONVERSION = YES;
				CLANG_WARN_INT_CONVERSION = YES;
				CLANG_WARN_OBJC_ROOT_CLASS = YES_ERROR;
				CLANG_WARN_UNREACHABLE_CODE = YES;
				CLANG_WARN__DUPLICATE_METHOD_MATCH = YES;
				"CODE_SIGN_IDENTITY[sdk=iphoneos*]" = "iPhone Developer";
				COPY_PHASE_STRIP = NO;
				DEBUG_INFORMATION_FORMAT = dwarf;
				ENABLE_STRICT_OBJC_MSGSEND = YES;
				ENABLE_TESTABILITY = YES;
				GCC_C_LANGUAGE_STANDARD = gnu99;
				GCC_DYNAMIC_NO_PIC = NO;
				GCC_NO_COMMON_BLOCKS = YES;
				GCC_OPTIMIZATION_LEVEL = 0;
				GCC_PREPROCESSOR_DEFINITIONS = (
					"DEBUG=1",
					"$(inherited)",
				);
				GCC_WARN_64_TO_32_BIT_CONVERSION = YES;
				GCC_WARN_ABOUT_RETURN_TYPE = YES_ERROR;
				GCC_WARN_UNDECLARED_SELECTOR = YES;
				GCC_WARN_UNINITIALIZED_AUTOS = YES_AGGRESSIVE;
				GCC_WARN_UNUSED_FUNCTION = YES;
				GCC_WARN_UNUSED_VARIABLE = YES;
				IPHONEOS_DEPLOYMENT_TARGET = 9.3;
				MTL_ENABLE_DEBUG_INFO = YES;
				ONLY_ACTIVE_ARCH = YES;
				SDKROOT = iphoneos;
			};
			name = Debug;
		};
		306FC6901CC26AD9004DC9D4 /* Release */ = {
			isa = XCBuildConfiguration;
			buildSettings = {
				ALWAYS_SEARCH_USER_PATHS = NO;
				CLANG_ANALYZER_NONNULL = YES;
				CLANG_CXX_LANGUAGE_STANDARD = "gnu++0x";
				CLANG_CXX_LIBRARY = "libc++";
				CLANG_ENABLE_MODULES = YES;
				CLANG_ENABLE_OBJC_ARC = YES;
				CLANG_WARN_BOOL_CONVERSION = YES;
				CLANG_WARN_CONSTANT_CONVERSION = YES;
				CLANG_WARN_DIRECT_OBJC_ISA_USAGE = YES_ERROR;
				CLANG_WARN_EMPTY_BODY = YES;
				CLANG_WARN_ENUM_CONVERSION = YES;
				CLANG_WARN_INT_CONVERSION = YES;
				CLANG_WARN_OBJC_ROOT_CLASS = YES_ERROR;
				CLANG_WARN_UNREACHABLE_CODE = YES;
				CLANG_WARN__DUPLICATE_METHOD_MATCH = YES;
				"CODE_SIGN_IDENTITY[sdk=iphoneos*]" = "iPhone Developer";
				COPY_PHASE_STRIP = NO;
				DEBUG_INFORMATION_FORMAT = "dwarf-with-dsym";
				ENABLE_NS_ASSERTIONS = NO;
				ENABLE_STRICT_OBJC_MSGSEND = YES;
				GCC_C_LANGUAGE_STANDARD = gnu99;
				GCC_NO_COMMON_BLOCKS = YES;
				GCC_WARN_64_TO_32_BIT_CONVERSION = YES;
				GCC_WARN_ABOUT_RETURN_TYPE = YES_ERROR;
				GCC_WARN_UNDECLARED_SELECTOR = YES;
				GCC_WARN_UNINITIALIZED_AUTOS = YES_AGGRESSIVE;
				GCC_WARN_UNUSED_FUNCTION = YES;
				GCC_WARN_UNUSED_VARIABLE = YES;
				IPHONEOS_DEPLOYMENT_TARGET = 9.3;
				MTL_ENABLE_DEBUG_INFO = NO;
				SDKROOT = iphoneos;
				VALIDATE_PRODUCT = YES;
			};
			name = Release;
		};
		306FC6921CC26AD9004DC9D4 /* Debug */ = {
			isa = XCBuildConfiguration;
			buildSettings = {
				ASSETCATALOG_COMPILER_APPICON_NAME = AppIcon;
				INFOPLIST_FILE = InvitaionCode/Info.plist;
				LD_RUNPATH_SEARCH_PATHS = "$(inherited) @executable_path/Frameworks";
				PRODUCT_BUNDLE_IDENTIFIER = com.haitao.InvitaionCode;
				PRODUCT_NAME = "$(TARGET_NAME)";
			};
			name = Debug;
		};
		306FC6931CC26AD9004DC9D4 /* Release */ = {
			isa = XCBuildConfiguration;
			buildSettings = {
				ASSETCATALOG_COMPILER_APPICON_NAME = AppIcon;
				INFOPLIST_FILE = InvitaionCode/Info.plist;
				LD_RUNPATH_SEARCH_PATHS = "$(inherited) @executable_path/Frameworks";
				PRODUCT_BUNDLE_IDENTIFIER = com.haitao.InvitaionCode;
				PRODUCT_NAME = "$(TARGET_NAME)";
			};
			name = Release;
		};
		306FC6951CC26AD9004DC9D4 /* Debug */ = {
			isa = XCBuildConfiguration;
			buildSettings = {
				BUNDLE_LOADER = "$(TEST_HOST)";
				INFOPLIST_FILE = InvitaionCodeTests/Info.plist;
				LD_RUNPATH_SEARCH_PATHS = "$(inherited) @executable_path/Frameworks @loader_path/Frameworks";
				PRODUCT_BUNDLE_IDENTIFIER = com.haitao.InvitaionCodeTests;
				PRODUCT_NAME = "$(TARGET_NAME)";
				TEST_HOST = "$(BUILT_PRODUCTS_DIR)/InvitaionCode.app/InvitaionCode";
			};
			name = Debug;
		};
		306FC6961CC26AD9004DC9D4 /* Release */ = {
			isa = XCBuildConfiguration;
			buildSettings = {
				BUNDLE_LOADER = "$(TEST_HOST)";
				INFOPLIST_FILE = InvitaionCodeTests/Info.plist;
				LD_RUNPATH_SEARCH_PATHS = "$(inherited) @executable_path/Frameworks @loader_path/Frameworks";
				PRODUCT_BUNDLE_IDENTIFIER = com.haitao.InvitaionCodeTests;
				PRODUCT_NAME = "$(TARGET_NAME)";
				TEST_HOST = "$(BUILT_PRODUCTS_DIR)/InvitaionCode.app/InvitaionCode";
			};
			name = Release;
		};
		306FC6981CC26AD9004DC9D4 /* Debug */ = {
			isa = XCBuildConfiguration;
			buildSettings = {
				INFOPLIST_FILE = InvitaionCodeUITests/Info.plist;
				LD_RUNPATH_SEARCH_PATHS = "$(inherited) @executable_path/Frameworks @loader_path/Frameworks";
				PRODUCT_BUNDLE_IDENTIFIER = com.haitao.InvitaionCodeUITests;
				PRODUCT_NAME = "$(TARGET_NAME)";
				TEST_TARGET_NAME = InvitaionCode;
			};
			name = Debug;
		};
		306FC6991CC26AD9004DC9D4 /* Release */ = {
			isa = XCBuildConfiguration;
			buildSettings = {
				INFOPLIST_FILE = InvitaionCodeUITests/Info.plist;
				LD_RUNPATH_SEARCH_PATHS = "$(inherited) @executable_path/Frameworks @loader_path/Frameworks";
				PRODUCT_BUNDLE_IDENTIFIER = com.haitao.InvitaionCodeUITests;
				PRODUCT_NAME = "$(TARGET_NAME)";
				TEST_TARGET_NAME = InvitaionCode;
			};
			name = Release;
		};
/* End XCBuildConfiguration section */

/* Begin XCConfigurationList section */
		306FC65F1CC26AD9004DC9D4 /* Build configuration list for PBXProject "InvitaionCode" */ = {
			isa = XCConfigurationList;
			buildConfigurations = (
				306FC68F1CC26AD9004DC9D4 /* Debug */,
				306FC6901CC26AD9004DC9D4 /* Release */,
			);
			defaultConfigurationIsVisible = 0;
			defaultConfigurationName = Release;
		};
		306FC6911CC26AD9004DC9D4 /* Build configuration list for PBXNativeTarget "InvitaionCode" */ = {
			isa = XCConfigurationList;
			buildConfigurations = (
				306FC6921CC26AD9004DC9D4 /* Debug */,
				306FC6931CC26AD9004DC9D4 /* Release */,
			);
			defaultConfigurationIsVisible = 0;
		};
		306FC6941CC26AD9004DC9D4 /* Build configuration list for PBXNativeTarget "InvitaionCodeTests" */ = {
			isa = XCConfigurationList;
			buildConfigurations = (
				306FC6951CC26AD9004DC9D4 /* Debug */,
				306FC6961CC26AD9004DC9D4 /* Release */,
			);
			defaultConfigurationIsVisible = 0;
		};
		306FC6971CC26AD9004DC9D4 /* Build configuration list for PBXNativeTarget "InvitaionCodeUITests" */ = {
			isa = XCConfigurationList;
			buildConfigurations = (
				306FC6981CC26AD9004DC9D4 /* Debug */,
				306FC6991CC26AD9004DC9D4 /* Release */,
			);
			defaultConfigurationIsVisible = 0;
		};
/* End XCConfigurationList section */
	};
	rootObject = 306FC65C1CC26AD9004DC9D4 /* Project object */;
}
